
Microsoft Visual Studio Solution File, Format Version 12.00
# Visual Studio 2012
Project("{FAE04EC0-301F-11D3-BF4B-00C04F79EFBC}") = "Factors", "Factors\Factors.csproj", "{ADBC5C07-BBA0-4996-A63A-057573901B0C}"
EndProject
Global
	GlobalSection(SolutionConfigurationPlatforms) = preSolution
		Debug|Any CPU = Debug|Any CPU
		Release|Any CPU = Release|Any CPU
	EndGlobalSection
	GlobalSection(ProjectConfigurationPlatforms) = postSolution
		{ADBC5C07-BBA0-4996-A63A-057573901B0C}.Debug|Any CPU.ActiveCfg = Debug|Any CPU
		{ADBC5C07-BBA0-4996-A63A-057573901B0C}.Debug|Any CPU.Build.0 = Debug|Any CPU
		{ADBC5C07-BBA0-4996-A63A-057573901B0C}.Release|Any CPU.ActiveCfg = Release|Any CPU
		{ADBC5C07-BBA0-4996-A63A-057573901B0C}.Release|Any CPU.Build.0 = Release|Any CPU
	EndGlobalSection
	GlobalSection(SolutionProperties) = preSolution
		HideSolutionNode = FALSE
	EndGlobalSection
EndGlobal
