
Microsoft Visual Studio Solution File, Format Version 12.00
# Visual Studio 2012
Project("{FAE04EC0-301F-11D3-BF4B-00C04F79EFBC}") = "LinearSearch", "LinearSearch\LinearSearch.csproj", "{4D897E65-E61D-4CE7-8440-83FDA7077FDC}"
EndProject
Global
	GlobalSection(SolutionConfigurationPlatforms) = preSolution
		Debug|Any CPU = Debug|Any CPU
		Release|Any CPU = Release|Any CPU
	EndGlobalSection
	GlobalSection(ProjectConfigurationPlatforms) = postSolution
		{4D897E65-E61D-4CE7-8440-83FDA7077FDC}.Debug|Any CPU.ActiveCfg = Debug|Any CPU
		{4D897E65-E61D-4CE7-8440-83FDA7077FDC}.Debug|Any CPU.Build.0 = Debug|Any CPU
		{4D897E65-E61D-4CE7-8440-83FDA7077FDC}.Release|Any CPU.ActiveCfg = Release|Any CPU
		{4D897E65-E61D-4CE7-8440-83FDA7077FDC}.Release|Any CPU.Build.0 = Release|Any CPU
	EndGlobalSection
	GlobalSection(SolutionProperties) = preSolution
		HideSolutionNode = FALSE
	EndGlobalSection
EndGlobal
